
Microsoft Visual Studio Solution File, Format Version 12.00
# Visual Studio 15
VisualStudioVersion = 15.0.28010.2046
MinimumVisualStudioVersion = 10.0.40219.1
Project("{8BC9CEB8-8B4A-11D0-8D11-00A0C91BC942}") = "Compound", "Compound\Compound.vcxproj", "{63BDBF28-65B0-49C6-A3E5-FCA7869DFC06}"
EndProject
Project("{8BC9CEB8-8B4A-11D0-8D11-00A0C91BC942}") = "Test", "Test\Test.vcxproj", "{C43D36CE-9CA2-4DAB-A406-43BF46CE3671}"
EndProject
Global
	GlobalSection(SolutionConfigurationPlatforms) = preSolution
		Debug|x64 = Debug|x64
		Debug|x86 = Debug|x86
		Release|x64 = Release|x64
		Release|x86 = Release|x86
	EndGlobalSection
	GlobalSection(ProjectConfigurationPlatforms) = postSolution
		{63BDBF28-65B0-49C6-A3E5-FCA7869DFC06}.Debug|x64.ActiveCfg = Debug|x64
		{63BDBF28-65B0-49C6-A3E5-FCA7869DFC06}.Debug|x64.Build.0 = Debug|x64
		{63BDBF28-65B0-49C6-A3E5-FCA7869DFC06}.Debug|x86.ActiveCfg = Debug|Win32
		{63BDBF28-65B0-49C6-A3E5-FCA7869DFC06}.Debug|x86.Build.0 = Debug|Win32
		{63BDBF28-65B0-49C6-A3E5-FCA7869DFC06}.Release|x64.ActiveCfg = Release|x64
		{63BDBF28-65B0-49C6-A3E5-FCA7869DFC06}.Release|x64.Build.0 = Release|x64
		{63BDBF28-65B0-49C6-A3E5-FCA7869DFC06}.Release|x86.ActiveCfg = Release|Win32
		{63BDBF28-65B0-49C6-A3E5-FCA7869DFC06}.Release|x86.Build.0 = Release|Win32
		{C43D36CE-9CA2-4DAB-A406-43BF46CE3671}.Debug|x64.ActiveCfg = Debug|x64
		{C43D36CE-9CA2-4DAB-A406-43BF46CE3671}.Debug|x64.Build.0 = Debug|x64
		{C43D36CE-9CA2-4DAB-A406-43BF46CE3671}.Debug|x86.ActiveCfg = Debug|Win32
		{C43D36CE-9CA2-4DAB-A406-43BF46CE3671}.Debug|x86.Build.0 = Debug|Win32
		{C43D36CE-9CA2-4DAB-A406-43BF46CE3671}.Release|x64.ActiveCfg = Release|x64
		{C43D36CE-9CA2-4DAB-A406-43BF46CE3671}.Release|x64.Build.0 = Release|x64
		{C43D36CE-9CA2-4DAB-A406-43BF46CE3671}.Release|x86.ActiveCfg = Release|Win32
		{C43D36CE-9CA2-4DAB-A406-43BF46CE3671}.Release|x86.Build.0 = Release|Win32
	EndGlobalSection
	GlobalSection(SolutionProperties) = preSolution
		HideSolutionNode = FALSE
	EndGlobalSection
	GlobalSection(ExtensibilityGlobals) = postSolution
		SolutionGuid = {F678C0BA-C93D-46C8-8B84-1E30D6EC440A}
	EndGlobalSection
EndGlobal
