<?xml version="1.0" encoding="utf-8"?>
<Project ToolsVersion="4.0" xmlns="http://schemas.microsoft.com/developer/msbuild/2003">
  <ItemGroup>
    <Filter Include="Compound">
      <UniqueIdentifier>{793e9e7f-6254-4b64-88d9-1b6abd98dc99}</UniqueIdentifier>
    </Filter>
    <Filter Include="Compound\Core">
      <UniqueIdentifier>{6b691b8d-e9a1-4f57-a288-8749434bb34a}</UniqueIdentifier>
    </Filter>
    <Filter Include="Compound\IO">
      <UniqueIdentifier>{24415e97-031c-44ed-a84d-a3a9f561dd26}</UniqueIdentifier>
    </Filter>
    <Filter Include="Compound\Math">
      <UniqueIdentifier>{3a09b15c-2c9c-494c-9dce-84f944be61bd}</UniqueIdentifier>
    </Filter>
    <Filter Include="Compound\Render">
      <UniqueIdentifier>{4a09d113-5fdc-4d26-913f-ab0c084aa0e7}</UniqueIdentifier>
    </Filter>
    <Filter Include="Compound\Render\Data">
      <UniqueIdentifier>{8985e549-8542-474b-ad23-b4fe1f217e66}</UniqueIdentifier>
    </Filter>
    <Filter Include="Compound\Display">
      <UniqueIdentifier>{2d8f37ba-0b60-4a73-a391-b953754edefc}</UniqueIdentifier>
    </Filter>
  </ItemGroup>
  <ItemGroup>
    <ClCompile Include="Run.cpp" />
    <ClCompile Include="Compound\Core\ComponentManager.cpp">
      <Filter>Compound\Core</Filter>
    </ClCompile>
    <ClCompile Include="Compound\Core\ComponentType.cpp">
      <Filter>Compound\Core</Filter>
    </ClCompile>
    <ClCompile Include="Compound\Core\Component.cpp">
      <Filter>Compound\Core</Filter>
    </ClCompile>
    <ClCompile Include="Compound\IO\JSONObject.cpp">
      <Filter>Compound\IO</Filter>
    </ClCompile>
    <ClCompile Include="Compound\Core\Object.cpp">
      <Filter>Compound\Core</Filter>
    </ClCompile>
    <ClCompile Include="TestLogger.cpp" />
    <ClCompile Include="TestConsoleLogger.cpp" />
    <ClCompile Include="TestFileLogger.cpp" />
    <ClCompile Include="Compound\Render\ShaderLayout.cpp">
      <Filter>Compound\Render</Filter>
    </ClCompile>
    <ClCompile Include="Compound\Render\Data\IndexData.cpp">
      <Filter>Compound\Render\Data</Filter>
    </ClCompile>
    <ClCompile Include="Compound\Render\Data\Mesh.cpp">
      <Filter>Compound\Render\Data</Filter>
    </ClCompile>
    <ClCompile Include="Compound\Render\Data\ShaderData.cpp">
      <Filter>Compound\Render\Data</Filter>
    </ClCompile>
    <ClCompile Include="Compound\Display\DisplayManager.cpp">
      <Filter>Compound\Display</Filter>
    </ClCompile>
    <ClCompile Include="Compound\Display\__Windows_Window.cpp">
      <Filter>Compound\Display</Filter>
    </ClCompile>
    <ClCompile Include="Compound\Display\Window.cpp">
      <Filter>Compound\Display</Filter>
    </ClCompile>
    <ClCompile Include="Compound\Instance.cpp">
      <Filter>Compound</Filter>
    </ClCompile>
    <ClCompile Include="Compound\ManagerBase.cpp">
      <Filter>Compound</Filter>
    </ClCompile>
  </ItemGroup>
  <ItemGroup>
    <ClInclude Include="Compound\Core\ComponentManager.h">
      <Filter>Compound\Core</Filter>
    </ClInclude>
    <ClInclude Include="Compound\Core\ComponentType.h">
      <Filter>Compound\Core</Filter>
    </ClInclude>
    <ClInclude Include="Compound\Core\Component.h">
      <Filter>Compound\Core</Filter>
    </ClInclude>
    <ClInclude Include="Compound\IO\JSONSerializable.h">
      <Filter>Compound\IO</Filter>
    </ClInclude>
    <ClInclude Include="Compound\IO\JSONObject.h">
      <Filter>Compound\IO</Filter>
    </ClInclude>
    <ClInclude Include="Compound\Core\Object.h">
      <Filter>Compound\Core</Filter>
    </ClInclude>
    <ClInclude Include="TestLogger.h" />
    <ClInclude Include="TestConsoleLogger.h" />
    <ClInclude Include="TestFileLogger.h" />
    <ClInclude Include="Compound\Math\Vec.h">
      <Filter>Compound\Math</Filter>
    </ClInclude>
    <ClInclude Include="Compound\Math\VecOp.h">
      <Filter>Compound\Math</Filter>
    </ClInclude>
    <ClInclude Include="Compound\Math\Vec.hpp">
      <Filter>Compound\Math</Filter>
    </ClInclude>
    <ClInclude Include="Compound\Render\ShaderLayout.h">
      <Filter>Compound\Render</Filter>
    </ClInclude>
    <ClInclude Include="Compound\Render\Data\IndexData.h">
      <Filter>Compound\Render\Data</Filter>
    </ClInclude>
    <ClInclude Include="Compound\Render\Data\Mesh.h">
      <Filter>Compound\Render\Data</Filter>
    </ClInclude>
    <ClInclude Include="Compound\Render\Data\ShaderData.h">
      <Filter>Compound\Render\Data</Filter>
    </ClInclude>
    <ClInclude Include="Compound\Display\DisplayManager.h">
      <Filter>Compound\Display</Filter>
    </ClInclude>
    <ClInclude Include="Compound\Display\Window.h">
      <Filter>Compound\Display</Filter>
    </ClInclude>
    <ClInclude Include="Compound\Display\__Windows_Window.h">
      <Filter>Compound\Display</Filter>
    </ClInclude>
    <ClInclude Include="Compound\Instance.h">
      <Filter>Compound</Filter>
    </ClInclude>
    <ClInclude Include="Compound\ManagerBase.h">
      <Filter>Compound</Filter>
    </ClInclude>
  </ItemGroup>
</Project>